<?xml version="1.0" encoding="utf-8"?>
<Project ToolsVersion="4.0" xmlns="http://schemas.microsoft.com/developer/msbuild/2003">
  <ItemGroup>
    <Filter Include="Source Files">
      <UniqueIdentifier>{4FC737F1-C7A5-4376-A066-2A32D752A2FF}</UniqueIdentifier>
      <Extensions>cpp;c;cc;cxx;c++;cppm;ixx;def;odl;idl;hpj;bat;asm;asmx</Extensions>
    </Filter>
    <Filter Include="Header Files">
      <UniqueIdentifier>{93995380-89BD-4b04-88EB-625FBE52EBFB}</UniqueIdentifier>
      <Extensions>h;hh;hpp;hxx;h++;hm;inl;inc;ipp;xsd</Extensions>
    </Filter>
    <Filter Include="Resource Files">
      <UniqueIdentifier>{67DA6AB6-F800-4c08-8B7A-83BB121AAD01}</UniqueIdentifier>
      <Extensions>rc;ico;cur;bmp;dlg;rc2;rct;bin;rgs;gif;jpg;jpeg;jpe;resx;tiff;tif;png;wav;mfcribbon-ms</Extensions>
    </Filter>
    <Filter Include="Include">
      <UniqueIdentifier>{5dfd21ce-da77-4e0c-929b-db35dd1ffff7}</UniqueIdentifier>
    </Filter>
    <Filter Include="Header Files\GameObject">
      <UniqueIdentifier>{cc2c6651-f0d9-42d3-9d2b-48eff27b17d1}</UniqueIdentifier>
    </Filter>
    <Filter Include="Source Files\GameObject">
      <UniqueIdentifier>{edd572d5-64c3-4145-b594-35b7d0cce17c}</UniqueIdentifier>
    </Filter>
    <Filter Include="Header Files\GameObject\Rangs">
      <UniqueIdentifier>{3cb647cb-bec8-47ad-94f0-abd784015ecc}</UniqueIdentifier>
    </Filter>
    <Filter Include="Source Files\GameObject\Rangs">
      <UniqueIdentifier>{6f5f8708-b500-4875-a577-3b961c44d3b9}</UniqueIdentifier>
    </Filter>
    <Filter Include="Source Files\GameObject\Enemy">
      <UniqueIdentifier>{e296a255-baa2-4040-a4b9-7eda85db5bb6}</UniqueIdentifier>
    </Filter>
    <Filter Include="Header Files\GameObject\Enemy">
      <UniqueIdentifier>{be3e596f-3e77-40e3-a918-572b770d3e9a}</UniqueIdentifier>
    </Filter>
    <Filter Include="Header Files\Structs">
      <UniqueIdentifier>{08222260-90fc-4530-9633-9de03b3b73c4}</UniqueIdentifier>
    </Filter>
    <Filter Include="Header Files\TyFunctions">
      <UniqueIdentifier>{01b87c39-91ef-4eb5-9992-5f0c967e1051}</UniqueIdentifier>
    </Filter>
    <Filter Include="Source Files\TyFunctions">
      <UniqueIdentifier>{75d313f4-48ac-45e7-92af-64649786719f}</UniqueIdentifier>
    </Filter>
  </ItemGroup>
  <ItemGroup>
    <ClInclude Include="framework.h">
      <Filter>Header Files</Filter>
    </ClInclude>
    <ClInclude Include="pch.h">
      <Filter>Header Files</Filter>
    </ClInclude>
    <ClInclude Include="Include\TygerFrameworkAPI.h">
      <Filter>Include</Filter>
    </ClInclude>
    <ClInclude Include="Include\TygerFrameworkAPI.hpp">
      <Filter>Include</Filter>
    </ClInclude>
    <ClInclude Include="PluginCore.h">
      <Filter>Header Files</Filter>
    </ClInclude>
    <ClInclude Include="LevelSelect.h">
      <Filter>Header Files</Filter>
    </ClInclude>
    <ClInclude Include="Collectables.h">
      <Filter>Header Files</Filter>
    </ClInclude>
    <ClInclude Include="Levels.h">
      <Filter>Header Files</Filter>
    </ClInclude>
    <ClInclude Include="SaveFile.h">
      <Filter>Header Files</Filter>
    </ClInclude>
    <ClInclude Include="NumUtil.h">
      <Filter>Header Files</Filter>
    </ClInclude>
    <ClInclude Include="CustomTyDev.h">
      <Filter>Header Files</Filter>
    </ClInclude>
    <ClInclude Include="Rangs.h">
      <Filter>Header Files\GameObject\Rangs</Filter>
    </ClInclude>
    <ClInclude Include="Smasharang.h">
      <Filter>Header Files\GameObject\Rangs</Filter>
    </ClInclude>
    <ClInclude Include="Options.h">
      <Filter>Header Files</Filter>
    </ClInclude>
    <ClInclude Include="Include\ini.h">
      <Filter>Include</Filter>
    </ClInclude>
    <ClInclude Include="GameObject.h">
      <Filter>Header Files\GameObject</Filter>
    </ClInclude>
    <ClInclude Include="SmashCrate.h">
      <Filter>Header Files\GameObject</Filter>
    </ClInclude>
    <ClInclude Include="Smashrock.h">
      <Filter>Header Files\GameObject</Filter>
    </ClInclude>
    <ClInclude Include="MKMessage.h">
      <Filter>Header Files\GameObject</Filter>
    </ClInclude>
    <ClInclude Include="Hub4SFX.h">
      <Filter>Header Files</Filter>
    </ClInclude>
    <ClInclude Include="Model.h">
      <Filter>Header Files\GameObject</Filter>
    </ClInclude>
    <ClInclude Include="Animation.h">
      <Filter>Header Files\GameObject</Filter>
    </ClInclude>
    <ClInclude Include="Fireworks.h">
      <Filter>Header Files\GameObject</Filter>
    </ClInclude>
    <ClInclude Include="MKMemory.h">
      <Filter>Header Files</Filter>
    </ClInclude>
    <ClInclude Include="StaticProp.h">
      <Filter>Header Files\GameObject</Filter>
    </ClInclude>
    <ClInclude Include="WaterTank.h">
      <Filter>Header Files\GameObject</Filter>
    </ClInclude>
    <ClInclude Include="Windmill.h">
      <Filter>Header Files\GameObject</Filter>
    </ClInclude>
    <ClInclude Include="ShadowBat.h">
      <Filter>Header Files\GameObject\Enemy</Filter>
    </ClInclude>
    <ClInclude Include="EnemyObject.h">
      <Filter>Header Files\GameObject\Enemy</Filter>
    </ClInclude>
    <ClInclude Include="Spline.h">
      <Filter>Header Files\Structs</Filter>
    </ClInclude>
    <ClInclude Include="EventMessage.h">
      <Filter>Header Files\Structs</Filter>
    </ClInclude>
    <ClInclude Include="UIStructs.h">
      <Filter>Header Files\Structs</Filter>
    </ClInclude>
    <ClInclude Include="KromeIni.h">
      <Filter>Header Files\Structs</Filter>
    </ClInclude>
    <ClInclude Include="AnimatingProp.h">
      <Filter>Header Files\GameObject</Filter>
    </ClInclude>
    <ClInclude Include="Material.h">
      <Filter>Header Files\Structs</Filter>
    </ClInclude>
    <ClInclude Include="Flamerang.h">
      <Filter>Header Files\GameObject\Rangs</Filter>
    </ClInclude>
    <ClInclude Include="ActionStateManager.h">
      <Filter>Header Files\Structs</Filter>
    </ClInclude>
    <ClInclude Include="Collision.h">
      <Filter>Header Files\Structs</Filter>
    </ClInclude>
    <ClInclude Include="PathManager.h">
      <Filter>Header Files\Structs</Filter>
    </ClInclude>
    <ClInclude Include="TightStructPacker.h">
      <Filter>Header Files\Structs</Filter>
    </ClInclude>
    <ClInclude Include="ParticleSystem.h">
      <Filter>Header Files\Structs</Filter>
    </ClInclude>
    <ClInclude Include="ParticleSystemManager.h">
      <Filter>Header Files\Structs</Filter>
    </ClInclude>
    <ClInclude Include="FireParticle.h">
      <Filter>Header Files\TyFunctions</Filter>
    </ClInclude>
    <ClInclude Include="TyFunctions.h">
      <Filter>Header Files\TyFunctions</Filter>
    </ClInclude>
    <ClInclude Include="TyMemoryValues.h">
      <Filter>Header Files\TyFunctions</Filter>
    </ClInclude>
    <ClInclude Include="TyPropFunctions.h">
      <Filter>Header Files\TyFunctions</Filter>
    </ClInclude>
    <ClInclude Include="TyRandom.h">
      <Filter>Header Files\TyFunctions</Filter>
    </ClInclude>
    <ClInclude Include="ShatterStruct.h">
      <Filter>Header Files\Structs</Filter>
    </ClInclude>
    <ClInclude Include="DebugDraw.h">
      <Filter>Header Files</Filter>
    </ClInclude>
  </ItemGroup>
  <ItemGroup>
    <ClCompile Include="dllmain.cpp">
      <Filter>Source Files</Filter>
    </ClCompile>
    <ClCompile Include="pch.cpp">
      <Filter>Source Files</Filter>
    </ClCompile>
    <ClCompile Include="PluginCore.cpp">
      <Filter>Source Files</Filter>
    </ClCompile>
    <ClCompile Include="LevelSelect.cpp">
      <Filter>Source Files</Filter>
    </ClCompile>
    <ClCompile Include="Collectables.cpp">
      <Filter>Source Files</Filter>
    </ClCompile>
    <ClCompile Include="Levels.cpp">
      <Filter>Source Files</Filter>
    </ClCompile>
    <ClCompile Include="SaveFile.cpp">
      <Filter>Source Files</Filter>
    </ClCompile>
    <ClCompile Include="NumUtil.cpp">
      <Filter>Source Files</Filter>
    </ClCompile>
    <ClCompile Include="CustomTyDev.cpp">
      <Filter>Source Files</Filter>
    </ClCompile>
    <ClCompile Include="Smasharang.cpp">
      <Filter>Source Files\GameObject\Rangs</Filter>
    </ClCompile>
    <ClCompile Include="Rangs.cpp">
      <Filter>Source Files\GameObject\Rangs</Filter>
    </ClCompile>
    <ClCompile Include="Options.cpp">
      <Filter>Source Files</Filter>
    </ClCompile>
    <ClCompile Include="GameObject.cpp">
      <Filter>Source Files\GameObject</Filter>
    </ClCompile>
    <ClCompile Include="Smashrock.cpp">
      <Filter>Source Files\GameObject</Filter>
    </ClCompile>
    <ClCompile Include="SmashCrate.cpp">
      <Filter>Source Files\GameObject</Filter>
    </ClCompile>
    <ClCompile Include="Hub4SFX.cpp">
      <Filter>Source Files</Filter>
    </ClCompile>
    <ClCompile Include="Fireworks.cpp">
      <Filter>Source Files\GameObject</Filter>
    </ClCompile>
    <ClCompile Include="StaticProp.cpp">
      <Filter>Source Files\GameObject</Filter>
    </ClCompile>
    <ClCompile Include="WaterTank.cpp">
      <Filter>Source Files\GameObject</Filter>
    </ClCompile>
    <ClCompile Include="Windmill.cpp">
      <Filter>Source Files\GameObject</Filter>
    </ClCompile>
    <ClCompile Include="ShadowBat.cpp">
      <Filter>Source Files\GameObject\Enemy</Filter>
    </ClCompile>
    <ClCompile Include="Flamerang.cpp">
      <Filter>Source Files\GameObject\Rangs</Filter>
    </ClCompile>
    <ClCompile Include="FireParticle.cpp">
      <Filter>Source Files\TyFunctions</Filter>
    </ClCompile>
    <ClCompile Include="Model.cpp">
      <Filter>Source Files\GameObject</Filter>
    </ClCompile>
    <ClCompile Include="TyFunctions.cpp">
      <Filter>Source Files\TyFunctions</Filter>
    </ClCompile>
    <ClCompile Include="TyPropFunctions.cpp">
      <Filter>Source Files\TyFunctions</Filter>
    </ClCompile>
    <ClCompile Include="TyRandom.cpp">
      <Filter>Source Files\TyFunctions</Filter>
    </ClCompile>
    <ClCompile Include="ShatterStruct.cpp">
      <Filter>Source Files</Filter>
    </ClCompile>
    <ClCompile Include="DebugDraw.cpp">
      <Filter>Source Files</Filter>
    </ClCompile>
    <ClCompile Include="glad.c">
      <Filter>Source Files</Filter>
    </ClCompile>
    <ClCompile Include="ParticleSystem.cpp">
      <Filter>Source Files</Filter>
    </ClCompile>
  </ItemGroup>
  <ItemGroup>
    <None Include="Source.def">
      <Filter>Source Files</Filter>
    </None>
  </ItemGroup>
</Project>